// !$*UTF8*$!
{
	archiveVersion = 1;
	classes = {
	};
	objectVersion = 50;
	objects = {

/* Begin PBXBuildFile section */
		B377DCD522D9037100AB043A /* AppDelegate.swift in Sources */ = {isa = PBXBuildFile; fileRef = B377DCD422D9037100AB043A /* AppDelegate.swift */; };
		B377DCD722D9037100AB043A /* ViewController.swift in Sources */ = {isa = PBXBuildFile; fileRef = B377DCD622D9037100AB043A /* ViewController.swift */; };
		B377DCDA22D9037100AB043A /* Main.storyboard in Resources */ = {isa = PBXBuildFile; fileRef = B377DCD822D9037100AB043A /* Main.storyboard */; };
		B377DCDC22D9037400AB043A /* Assets.xcassets in Resources */ = {isa = PBXBuildFile; fileRef = B377DCDB22D9037400AB043A /* Assets.xcassets */; };
		B377DCDF22D9037400AB043A /* LaunchScreen.storyboard in Resources */ = {isa = PBXBuildFile; fileRef = B377DCDD22D9037400AB043A /* LaunchScreen.storyboard */; };
		B377DCEA22D9037400AB043A /* Final_AppTests.swift in Sources */ = {isa = PBXBuildFile; fileRef = B377DCE922D9037400AB043A /* Final_AppTests.swift */; };
		B377DCF522D9037400AB043A /* Final_AppUITests.swift in Sources */ = {isa = PBXBuildFile; fileRef = B377DCF422D9037400AB043A /* Final_AppUITests.swift */; };
/* End PBXBuildFile section */

/* Begin PBXContainerItemProxy section */
		B377DCE622D9037400AB043A /* PBXContainerItemProxy */ = {
			isa = PBXContainerItemProxy;
			containerPortal = B377DCC922D9037100AB043A /* Project object */;
			proxyType = 1;
			remoteGlobalIDString = B377DCD022D9037100AB043A;
			remoteInfo = "Final App";
		};
		B377DCF122D9037400AB043A /* PBXContainerItemProxy */ = {
			isa = PBXContainerItemProxy;
			containerPortal = B377DCC922D9037100AB043A /* Project object */;
			proxyType = 1;
			remoteGlobalIDString = B377DCD022D9037100AB043A;
			remoteInfo = "Final App";
		};
/* End PBXContainerItemProxy section */

/* Begin PBXFileReference section */
		B377DCD122D9037100AB043A /* Final App.app */ = {isa = PBXFileReference; explicitFileType = wrapper.application; includeInIndex = 0; path = "Final App.app"; sourceTree = BUILT_PRODUCTS_DIR; };
		B377DCD422D9037100AB043A /* AppDelegate.swift */ = {isa = PBXFileReference; lastKnownFileType = sourcecode.swift; path = AppDelegate.swift; sourceTree = "<group>"; };
		B377DCD622D9037100AB043A /* ViewController.swift */ = {isa = PBXFileReference; lastKnownFileType = sourcecode.swift; path = ViewController.swift; sourceTree = "<group>"; };
		B377DCD922D9037100AB043A /* Base */ = {isa = PBXFileReference; lastKnownFileType = file.storyboard; name = Base; path = Base.lproj/Main.storyboard; sourceTree = "<group>"; };
		B377DCDB22D9037400AB043A /* Assets.xcassets */ = {isa = PBXFileReference; lastKnownFileType = folder.assetcatalog; path = Assets.xcassets; sourceTree = "<group>"; };
		B377DCDE22D9037400AB043A /* Base */ = {isa = PBXFileReference; lastKnownFileType = file.storyboard; name = Base; path = Base.lproj/LaunchScreen.storyboard; sourceTree = "<group>"; };
		B377DCE022D9037400AB043A /* Info.plist */ = {isa = PBXFileReference; lastKnownFileType = text.plist.xml; path = Info.plist; sourceTree = "<group>"; };
		B377DCE522D9037400AB043A /* Final AppTests.xctest */ = {isa = PBXFileReference; explicitFileType = wrapper.cfbundle; includeInIndex = 0; path = "Final AppTests.xctest"; sourceTree = BUILT_PRODUCTS_DIR; };
		B377DCE922D9037400AB043A /* Final_AppTests.swift */ = {isa = PBXFileReference; lastKnownFileType = sourcecode.swift; path = Final_AppTests.swift; sourceTree = "<group>"; };
		B377DCEB22D9037400AB043A /* Info.plist */ = {isa = PBXFileReference; lastKnownFileType = text.plist.xml; path = Info.plist; sourceTree = "<group>"; };
		B377DCF022D9037400AB043A /* Final AppUITests.xctest */ = {isa = PBXFileReference; explicitFileType = wrapper.cfbundle; includeInIndex = 0; path = "Final AppUITests.xctest"; sourceTree = BUILT_PRODUCTS_DIR; };
		B377DCF422D9037400AB043A /* Final_AppUITests.swift */ = {isa = PBXFileReference; lastKnownFileType = sourcecode.swift; path = Final_AppUITests.swift; sourceTree = "<group>"; };
		B377DCF622D9037400AB043A /* Info.plist */ = {isa = PBXFileReference; lastKnownFileType = text.plist.xml; path = Info.plist; sourceTree = "<group>"; };
/* End PBXFileReference section */

/* Begin PBXFrameworksBuildPhase section */
		B377DCCE22D9037100AB043A /* Frameworks */ = {
			isa = PBXFrameworksBuildPhase;
			buildActionMask = 2147483647;
			files = (
			);
			runOnlyForDeploymentPostprocessing = 0;
		};
		B377DCE222D9037400AB043A /* Frameworks */ = {
			isa = PBXFrameworksBuildPhase;
			buildActionMask = 2147483647;
			files = (
			);
			runOnlyForDeploymentPostprocessing = 0;
		};
		B377DCED22D9037400AB043A /* Frameworks */ = {
			isa = PBXFrameworksBuildPhase;
			buildActionMask = 2147483647;
			files = (
			);
			runOnlyForDeploymentPostprocessing = 0;
		};
/* End PBXFrameworksBuildPhase section */

/* Begin PBXGroup section */
		B377DCC822D9037100AB043A = {
			isa = PBXGroup;
			children = (
				B377DCD322D9037100AB043A /* Final App */,
				B377DCE822D9037400AB043A /* Final AppTests */,
				B377DCF322D9037400AB043A /* Final AppUITests */,
				B377DCD222D9037100AB043A /* Products */,
			);
			sourceTree = "<group>";
		};
		B377DCD222D9037100AB043A /* Products */ = {
			isa = PBXGroup;
			children = (
				B377DCD122D9037100AB043A /* Final App.app */,
				B377DCE522D9037400AB043A /* Final AppTests.xctest */,
				B377DCF022D9037400AB043A /* Final AppUITests.xctest */,
			);
			name = Products;
			sourceTree = "<group>";
		};
		B377DCD322D9037100AB043A /* Final App */ = {
			isa = PBXGroup;
			children = (
				B377DCD422D9037100AB043A /* AppDelegate.swift */,
				B377DCD622D9037100AB043A /* ViewController.swift */,
				B377DCD822D9037100AB043A /* Main.storyboard */,
				B377DCDB22D9037400AB043A /* Assets.xcassets */,
				B377DCDD22D9037400AB043A /* LaunchScreen.storyboard */,
				B377DCE022D9037400AB043A /* Info.plist */,
			);
			path = "Final App";
			sourceTree = "<group>";
		};
		B377DCE822D9037400AB043A /* Final AppTests */ = {
			isa = PBXGroup;
			children = (
				B377DCE922D9037400AB043A /* Final_AppTests.swift */,
				B377DCEB22D9037400AB043A /* Info.plist */,
			);
			path = "Final AppTests";
			sourceTree = "<group>";
		};
		B377DCF322D9037400AB043A /* Final AppUITests */ = {
			isa = PBXGroup;
			children = (
				B377DCF422D9037400AB043A /* Final_AppUITests.swift */,
				B377DCF622D9037400AB043A /* Info.plist */,
			);
			path = "Final AppUITests";
			sourceTree = "<group>";
		};
/* End PBXGroup section */

/* Begin PBXNativeTarget section */
		B377DCD022D9037100AB043A /* Final App */ = {
			isa = PBXNativeTarget;
			buildConfigurationList = B377DCF922D9037400AB043A /* Build configuration list for PBXNativeTarget "Final App" */;
			buildPhases = (
				B377DCCD22D9037100AB043A /* Sources */,
				B377DCCE22D9037100AB043A /* Frameworks */,
				B377DCCF22D9037100AB043A /* Resources */,
			);
			buildRules = (
			);
			dependencies = (
			);
			name = "Final App";
			productName = "Final App";
			productReference = B377DCD122D9037100AB043A /* Final App.app */;
			productType = "com.apple.product-type.application";
		};
		B377DCE422D9037400AB043A /* Final AppTests */ = {
			isa = PBXNativeTarget;
			buildConfigurationList = B377DCFC22D9037400AB043A /* Build configuration list for PBXNativeTarget "Final AppTests" */;
			buildPhases = (
				B377DCE122D9037400AB043A /* Sources */,
				B377DCE222D9037400AB043A /* Frameworks */,
				B377DCE322D9037400AB043A /* Resources */,
			);
			buildRules = (
			);
			dependencies = (
				B377DCE722D9037400AB043A /* PBXTargetDependency */,
			);
			name = "Final AppTests";
			productName = "Final AppTests";
			productReference = B377DCE522D9037400AB043A /* Final AppTests.xctest */;
			productType = "com.apple.product-type.bundle.unit-test";
		};
		B377DCEF22D9037400AB043A /* Final AppUITests */ = {
			isa = PBXNativeTarget;
			buildConfigurationList = B377DCFF22D9037400AB043A /* Build configuration list for PBXNativeTarget "Final AppUITests" */;
			buildPhases = (
				B377DCEC22D9037400AB043A /* Sources */,
				B377DCED22D9037400AB043A /* Frameworks */,
				B377DCEE22D9037400AB043A /* Resources */,
			);
			buildRules = (
			);
			dependencies = (
				B377DCF222D9037400AB043A /* PBXTargetDependency */,
			);
			name = "Final AppUITests";
			productName = "Final AppUITests";
			productReference = B377DCF022D9037400AB043A /* Final AppUITests.xctest */;
			productType = "com.apple.product-type.bundle.ui-testing";
		};
/* End PBXNativeTarget section */

/* Begin PBXProject section */
		B377DCC922D9037100AB043A /* Project object */ = {
			isa = PBXProject;
			attributes = {
				LastSwiftUpdateCheck = 1020;
				LastUpgradeCheck = 1020;
				ORGANIZATIONNAME = "Dunni Dayo - Kayode";
				TargetAttributes = {
					B377DCD022D9037100AB043A = {
						CreatedOnToolsVersion = 10.2.1;
					};
					B377DCE422D9037400AB043A = {
						CreatedOnToolsVersion = 10.2.1;
						TestTargetID = B377DCD022D9037100AB043A;
					};
					B377DCEF22D9037400AB043A = {
						CreatedOnToolsVersion = 10.2.1;
						TestTargetID = B377DCD022D9037100AB043A;
					};
				};
			};
			buildConfigurationList = B377DCCC22D9037100AB043A /* Build configuration list for PBXProject "Final App" */;
			compatibilityVersion = "Xcode 9.3";
			developmentRegion = en;
			hasScannedForEncodings = 0;
			knownRegions = (
				en,
				Base,
			);
			mainGroup = B377DCC822D9037100AB043A;
			productRefGroup = B377DCD222D9037100AB043A /* Products */;
			projectDirPath = "";
			projectRoot = "";
			targets = (
				B377DCD022D9037100AB043A /* Final App */,
				B377DCE422D9037400AB043A /* Final AppTests */,
				B377DCEF22D9037400AB043A /* Final AppUITests */,
			);
		};
/* End PBXProject section */

/* Begin PBXResourcesBuildPhase section */
		B377DCCF22D9037100AB043A /* Resources */ = {
			isa = PBXResourcesBuildPhase;
			buildActionMask = 2147483647;
			files = (
				B377DCDF22D9037400AB043A /* LaunchScreen.storyboard in Resources */,
				B377DCDC22D9037400AB043A /* Assets.xcassets in Resources */,
				B377DCDA22D9037100AB043A /* Main.storyboard in Resources */,
			);
			runOnlyForDeploymentPostprocessing = 0;
		};
		B377DCE322D9037400AB043A /* Resources */ = {
			isa = PBXResourcesBuildPhase;
			buildActionMask = 2147483647;
			files = (
			);
			runOnlyForDeploymentPostprocessing = 0;
		};
		B377DCEE22D9037400AB043A /* Resources */ = {
			isa = PBXResourcesBuildPhase;
			buildActionMask = 2147483647;
			files = (
			);
			runOnlyForDeploymentPostprocessing = 0;
		};
/* End PBXResourcesBuildPhase section */

/* Begin PBXSourcesBuildPhase section */
		B377DCCD22D9037100AB043A /* Sources */ = {
			isa = PBXSourcesBuildPhase;
			buildActionMask = 2147483647;
			files = (
				B377DCD722D9037100AB043A /* ViewController.swift in Sources */,
				B377DCD522D9037100AB043A /* AppDelegate.swift in Sources */,
			);
			runOnlyForDeploymentPostprocessing = 0;
		};
		B377DCE122D9037400AB043A /* Sources */ = {
			isa = PBXSourcesBuildPhase;
			buildActionMask = 2147483647;
			files = (
				B377DCEA22D9037400AB043A /* Final_AppTests.swift in Sources */,
			);
			runOnlyForDeploymentPostprocessing = 0;
		};
		B377DCEC22D9037400AB043A /* Sources */ = {
			isa = PBXSourcesBuildPhase;
			buildActionMask = 2147483647;
			files = (
				B377DCF522D9037400AB043A /* Final_AppUITests.swift in Sources */,
			);
			runOnlyForDeploymentPostprocessing = 0;
		};
/* End PBXSourcesBuildPhase section */

/* Begin PBXTargetDependency section */
		B377DCE722D9037400AB043A /* PBXTargetDependency */ = {
			isa = PBXTargetDependency;
			target = B377DCD022D9037100AB043A /* Final App */;
			targetProxy = B377DCE622D9037400AB043A /* PBXContainerItemProxy */;
		};
		B377DCF222D9037400AB043A /* PBXTargetDependency */ = {
			isa = PBXTargetDependency;
			target = B377DCD022D9037100AB043A /* Final App */;
			targetProxy = B377DCF122D9037400AB043A /* PBXContainerItemProxy */;
		};
/* End PBXTargetDependency section */

/* Begin PBXVariantGroup section */
		B377DCD822D9037100AB043A /* Main.storyboard */ = {
			isa = PBXVariantGroup;
			children = (
				B377DCD922D9037100AB043A /* Base */,
			);
			name = Main.storyboard;
			sourceTree = "<group>";
		};
		B377DCDD22D9037400AB043A /* LaunchScreen.storyboard */ = {
			isa = PBXVariantGroup;
			children = (
				B377DCDE22D9037400AB043A /* Base */,
			);
			name = LaunchScreen.storyboard;
			sourceTree = "<group>";
		};
/* End PBXVariantGroup section */

/* Begin XCBuildConfiguration section */
		B377DCF722D9037400AB043A /* Debug */ = {
			isa = XCBuildConfiguration;
			buildSettings = {
				ALWAYS_SEARCH_USER_PATHS = NO;
				CLANG_ANALYZER_NONNULL = YES;
				CLANG_ANALYZER_NUMBER_OBJECT_CONVERSION = YES_AGGRESSIVE;
				CLANG_CXX_LANGUAGE_STANDARD = "gnu++14";
				CLANG_CXX_LIBRARY = "libc++";
				CLANG_ENABLE_MODULES = YES;
				CLANG_ENABLE_OBJC_ARC = YES;
				CLANG_ENABLE_OBJC_WEAK = YES;
				CLANG_WARN_BLOCK_CAPTURE_AUTORELEASING = YES;
				CLANG_WARN_BOOL_CONVERSION = YES;
				CLANG_WARN_COMMA = YES;
				CLANG_WARN_CONSTANT_CONVERSION = YES;
				CLANG_WARN_DEPRECATED_OBJC_IMPLEMENTATIONS = YES;
				CLANG_WARN_DIRECT_OBJC_ISA_USAGE = YES_ERROR;
				CLANG_WARN_DOCUMENTATION_COMMENTS = YES;
				CLANG_WARN_EMPTY_BODY = YES;
				CLANG_WARN_ENUM_CONVERSION = YES;
				CLANG_WARN_INFINITE_RECURSION = YES;
				CLANG_WARN_INT_CONVERSION = YES;
				CLANG_WARN_NON_LITERAL_NULL_CONVERSION = YES;
				CLANG_WARN_OBJC_IMPLICIT_RETAIN_SELF = YES;
				CLANG_WARN_OBJC_LITERAL_CONVERSION = YES;
				CLANG_WARN_OBJC_ROOT_CLASS = YES_ERROR;
				CLANG_WARN_RANGE_LOOP_ANALYSIS = YES;
				CLANG_WARN_STRICT_PROTOTYPES = YES;
				CLANG_WARN_SUSPICIOUS_MOVE = YES;
				CLANG_WARN_UNGUARDED_AVAILABILITY = YES_AGGRESSIVE;
				CLANG_WARN_UNREACHABLE_CODE = YES;
				CLANG_WARN__DUPLICATE_METHOD_MATCH = YES;
				CODE_SIGN_IDENTITY = "iPhone Developer";
				COPY_PHASE_STRIP = NO;
				DEBUG_INFORMATION_FORMAT = dwarf;
				ENABLE_STRICT_OBJC_MSGSEND = YES;
				ENABLE_TESTABILITY = YES;
				GCC_C_LANGUAGE_STANDARD = gnu11;
				GCC_DYNAMIC_NO_PIC = NO;
				GCC_NO_COMMON_BLOCKS = YES;
				GCC_OPTIMIZATION_LEVEL = 0;
				GCC_PREPROCESSOR_DEFINITIONS = (
					"DEBUG=1",
					"$(inherited)",
				);
				GCC_WARN_64_TO_32_BIT_CONVERSION = YES;
				GCC_WARN_ABOUT_RETURN_TYPE = YES_ERROR;
				GCC_WARN_UNDECLARED_SELECTOR = YES;
				GCC_WARN_UNINITIALIZED_AUTOS = YES_AGGRESSIVE;
				GCC_WARN_UNUSED_FUNCTION = YES;
				GCC_WARN_UNUSED_VARIABLE = YES;
				IPHONEOS_DEPLOYMENT_TARGET = 12.2;
				MTL_ENABLE_DEBUG_INFO = INCLUDE_SOURCE;
				MTL_FAST_MATH = YES;
				ONLY_ACTIVE_ARCH = YES;
				SDKROOT = iphoneos;
				SWIFT_ACTIVE_COMPILATION_CONDITIONS = DEBUG;
				SWIFT_OPTIMIZATION_LEVEL = "-Onone";
			};
			name = Debug;
		};
		B377DCF822D9037400AB043A /* Release */ = {
			isa = XCBuildConfiguration;
			buildSettings = {
				ALWAYS_SEARCH_USER_PATHS = NO;
				CLANG_ANALYZER_NONNULL = YES;
				CLANG_ANALYZER_NUMBER_OBJECT_CONVERSION = YES_AGGRESSIVE;
				CLANG_CXX_LANGUAGE_STANDARD = "gnu++14";
				CLANG_CXX_LIBRARY = "libc++";
				CLANG_ENABLE_MODULES = YES;
				CLANG_ENABLE_OBJC_ARC = YES;
				CLANG_ENABLE_OBJC_WEAK = YES;
				CLANG_WARN_BLOCK_CAPTURE_AUTORELEASING = YES;
				CLANG_WARN_BOOL_CONVERSION = YES;
				CLANG_WARN_COMMA = YES;
				CLANG_WARN_CONSTANT_CONVERSION = YES;
				CLANG_WARN_DEPRECATED_OBJC_IMPLEMENTATIONS = YES;
				CLANG_WARN_DIRECT_OBJC_ISA_USAGE = YES_ERROR;
				CLANG_WARN_DOCUMENTATION_COMMENTS = YES;
				CLANG_WARN_EMPTY_BODY = YES;
				CLANG_WARN_ENUM_CONVERSION = YES;
				CLANG_WARN_INFINITE_RECURSION = YES;
				CLANG_WARN_INT_CONVERSION = YES;
				CLANG_WARN_NON_LITERAL_NULL_CONVERSION = YES;
				CLANG_WARN_OBJC_IMPLICIT_RETAIN_SELF = YES;
				CLANG_WARN_OBJC_LITERAL_CONVERSION = YES;
				CLANG_WARN_OBJC_ROOT_CLASS = YES_ERROR;
				CLANG_WARN_RANGE_LOOP_ANALYSIS = YES;
				CLANG_WARN_STRICT_PROTOTYPES = YES;
				CLANG_WARN_SUSPICIOUS_MOVE = YES;
				CLANG_WARN_UNGUARDED_AVAILABILITY = YES_AGGRESSIVE;
				CLANG_WARN_UNREACHABLE_CODE = YES;
				CLANG_WARN__DUPLICATE_METHOD_MATCH = YES;
				CODE_SIGN_IDENTITY = "iPhone Developer";
				COPY_PHASE_STRIP = NO;
				DEBUG_INFORMATION_FORMAT = "dwarf-with-dsym";
				ENABLE_NS_ASSERTIONS = NO;
				ENABLE_STRICT_OBJC_MSGSEND = YES;
				GCC_C_LANGUAGE_STANDARD = gnu11;
				GCC_NO_COMMON_BLOCKS = YES;
				GCC_WARN_64_TO_32_BIT_CONVERSION = YES;
				GCC_WARN_ABOUT_RETURN_TYPE = YES_ERROR;
				GCC_WARN_UNDECLARED_SELECTOR = YES;
				GCC_WARN_UNINITIALIZED_AUTOS = YES_AGGRESSIVE;
				GCC_WARN_UNUSED_FUNCTION = YES;
				GCC_WARN_UNUSED_VARIABLE = YES;
				IPHONEOS_DEPLOYMENT_TARGET = 12.2;
				MTL_ENABLE_DEBUG_INFO = NO;
				MTL_FAST_MATH = YES;
				SDKROOT = iphoneos;
				SWIFT_COMPILATION_MODE = wholemodule;
				SWIFT_OPTIMIZATION_LEVEL = "-O";
				VALIDATE_PRODUCT = YES;
			};
			name = Release;
		};
		B377DCFA22D9037400AB043A /* Debug */ = {
			isa = XCBuildConfiguration;
			buildSettings = {
				ASSETCATALOG_COMPILER_APPICON_NAME = AppIcon;
				CODE_SIGN_STYLE = Automatic;
				DEVELOPMENT_TEAM = FV32H3D42X;
				INFOPLIST_FILE = "Final App/Info.plist";
				LD_RUNPATH_SEARCH_PATHS = (
					"$(inherited)",
					"@executable_path/Frameworks",
				);
				PRODUCT_BUNDLE_IDENTIFIER = "Infinity-org..Final-App";
				PRODUCT_NAME = "$(TARGET_NAME)";
				SWIFT_VERSION = 5.0;
				TARGETED_DEVICE_FAMILY = "1,2";
			};
			name = Debug;
		};
		B377DCFB22D9037400AB043A /* Release */ = {
			isa = XCBuildConfiguration;
			buildSettings = {
				ASSETCATALOG_COMPILER_APPICON_NAME = AppIcon;
				CODE_SIGN_STYLE = Automatic;
				DEVELOPMENT_TEAM = FV32H3D42X;
				INFOPLIST_FILE = "Final App/Info.plist";
				LD_RUNPATH_SEARCH_PATHS = (
					"$(inherited)",
					"@executable_path/Frameworks",
				);
				PRODUCT_BUNDLE_IDENTIFIER = "Infinity-org..Final-App";
				PRODUCT_NAME = "$(TARGET_NAME)";
				SWIFT_VERSION = 5.0;
				TARGETED_DEVICE_FAMILY = "1,2";
			};
			name = Release;
		};
		B377DCFD22D9037400AB043A /* Debug */ = {
			isa = XCBuildConfiguration;
			buildSettings = {
				ALWAYS_EMBED_SWIFT_STANDARD_LIBRARIES = YES;
				BUNDLE_LOADER = "$(TEST_HOST)";
				CODE_SIGN_STYLE = Automatic;
				DEVELOPMENT_TEAM = FV32H3D42X;
				INFOPLIST_FILE = "Final AppTests/Info.plist";
				LD_RUNPATH_SEARCH_PATHS = (
					"$(inherited)",
					"@executable_path/Frameworks",
					"@loader_path/Frameworks",
				);
				PRODUCT_BUNDLE_IDENTIFIER = "Infinity-org..Final-AppTests";
				PRODUCT_NAME = "$(TARGET_NAME)";
				SWIFT_VERSION = 5.0;
				TARGETED_DEVICE_FAMILY = "1,2";
				TEST_HOST = "$(BUILT_PRODUCTS_DIR)/Final App.app/Final App";
			};
			name = Debug;
		};
		B377DCFE22D9037400AB043A /* Release */ = {
			isa = XCBuildConfiguration;
			buildSettings = {
				ALWAYS_EMBED_SWIFT_STANDARD_LIBRARIES = YES;
				BUNDLE_LOADER = "$(TEST_HOST)";
				CODE_SIGN_STYLE = Automatic;
				DEVELOPMENT_TEAM = FV32H3D42X;
				INFOPLIST_FILE = "Final AppTests/Info.plist";
				LD_RUNPATH_SEARCH_PATHS = (
					"$(inherited)",
					"@executable_path/Frameworks",
					"@loader_path/Frameworks",
				);
				PRODUCT_BUNDLE_IDENTIFIER = "Infinity-org..Final-AppTests";
				PRODUCT_NAME = "$(TARGET_NAME)";
				SWIFT_VERSION = 5.0;
				TARGETED_DEVICE_FAMILY = "1,2";
				TEST_HOST = "$(BUILT_PRODUCTS_DIR)/Final App.app/Final App";
			};
			name = Release;
		};
		B377DD0022D9037400AB043A /* Debug */ = {
			isa = XCBuildConfiguration;
			buildSettings = {
				ALWAYS_EMBED_SWIFT_STANDARD_LIBRARIES = YES;
				CODE_SIGN_STYLE = Automatic;
				DEVELOPMENT_TEAM = FV32H3D42X;
				INFOPLIST_FILE = "Final AppUITests/Info.plist";
				LD_RUNPATH_SEARCH_PATHS = (
					"$(inherited)",
					"@executable_path/Frameworks",
					"@loader_path/Frameworks",
				);
				PRODUCT_BUNDLE_IDENTIFIER = "Infinity-org..Final-AppUITests";
				PRODUCT_NAME = "$(TARGET_NAME)";
				SWIFT_VERSION = 5.0;
				TARGETED_DEVICE_FAMILY = "1,2";
				TEST_TARGET_NAME = "Final App";
			};
			name = Debug;
		};
		B377DD0122D9037400AB043A /* Release */ = {
			isa = XCBuildConfiguration;
			buildSettings = {
				ALWAYS_EMBED_SWIFT_STANDARD_LIBRARIES = YES;
				CODE_SIGN_STYLE = Automatic;
				DEVELOPMENT_TEAM = FV32H3D42X;
				INFOPLIST_FILE = "Final AppUITests/Info.plist";
				LD_RUNPATH_SEARCH_PATHS = (
					"$(inherited)",
					"@executable_path/Frameworks",
					"@loader_path/Frameworks",
				);
				PRODUCT_BUNDLE_IDENTIFIER = "Infinity-org..Final-AppUITests";
				PRODUCT_NAME = "$(TARGET_NAME)";
				SWIFT_VERSION = 5.0;
				TARGETED_DEVICE_FAMILY = "1,2";
				TEST_TARGET_NAME = "Final App";
			};
			name = Release;
		};
/* End XCBuildConfiguration section */

/* Begin XCConfigurationList section */
		B377DCCC22D9037100AB043A /* Build configuration list for PBXProject "Final App" */ = {
			isa = XCConfigurationList;
			buildConfigurations = (
				B377DCF722D9037400AB043A /* Debug */,
				B377DCF822D9037400AB043A /* Release */,
			);
			defaultConfigurationIsVisible = 0;
			defaultConfigurationName = Release;
		};
		B377DCF922D9037400AB043A /* Build configuration list for PBXNativeTarget "Final App" */ = {
			isa = XCConfigurationList;
			buildConfigurations = (
				B377DCFA22D9037400AB043A /* Debug */,
				B377DCFB22D9037400AB043A /* Release */,
			);
			defaultConfigurationIsVisible = 0;
			defaultConfigurationName = Release;
		};
		B377DCFC22D9037400AB043A /* Build configuration list for PBXNativeTarget "Final AppTests" */ = {
			isa = XCConfigurationList;
			buildConfigurations = (
				B377DCFD22D9037400AB043A /* Debug */,
				B377DCFE22D9037400AB043A /* Release */,
			);
			defaultConfigurationIsVisible = 0;
			defaultConfigurationName = Release;
		};
		B377DCFF22D9037400AB043A /* Build configuration list for PBXNativeTarget "Final AppUITests" */ = {
			isa = XCConfigurationList;
			buildConfigurations = (
				B377DD0022D9037400AB043A /* Debug */,
				B377DD0122D9037400AB043A /* Release */,
			);
			defaultConfigurationIsVisible = 0;
			defaultConfigurationName = Release;
		};
/* End XCConfigurationList section */
	};
	rootObject = B377DCC922D9037100AB043A /* Project object */;
}
